Microsoft Visual Studio Solution File, Format Version 11.00
# Visual Studio 2010
Project("{8BC9CEB8-8B4A-11D0-8D11-00A0C91BC942}") = "ALL_BUILD", "ALL_BUILD.vcxproj", "{38F45F28-5C84-4DF5-9181-08399C070197}"
	ProjectSection(ProjectDependencies) = postProject
		{6FCE6AD2-8C96-4D8D-B3FB-19200D99A664} = {6FCE6AD2-8C96-4D8D-B3FB-19200D99A664}
		{DC17912E-C16F-494C-8940-E309F8EBD741} = {DC17912E-C16F-494C-8940-E309F8EBD741}
		{1F45A3CD-AA26-417F-A68F-73C63A163A73} = {1F45A3CD-AA26-417F-A68F-73C63A163A73}
	EndProjectSection
EndProject
Project("{8BC9CEB8-8B4A-11D0-8D11-00A0C91BC942}") = "Minigolf", "src\Minigolf.vcxproj", "{6FCE6AD2-8C96-4D8D-B3FB-19200D99A664}"
	ProjectSection(ProjectDependencies) = postProject
		{1F45A3CD-AA26-417F-A68F-73C63A163A73} = {1F45A3CD-AA26-417F-A68F-73C63A163A73}
	EndProjectSection
EndProject
Project("{8BC9CEB8-8B4A-11D0-8D11-00A0C91BC942}") = "MinigolfTest", "test\MinigolfTest.vcxproj", "{DC17912E-C16F-494C-8940-E309F8EBD741}"
	ProjectSection(ProjectDependencies) = postProject
		{1F45A3CD-AA26-417F-A68F-73C63A163A73} = {1F45A3CD-AA26-417F-A68F-73C63A163A73}
	EndProjectSection
EndProject
Project("{8BC9CEB8-8B4A-11D0-8D11-00A0C91BC942}") = "ZERO_CHECK", "ZERO_CHECK.vcxproj", "{1F45A3CD-AA26-417F-A68F-73C63A163A73}"
	ProjectSection(ProjectDependencies) = postProject
	EndProjectSection
EndProject
Global
	GlobalSection(SolutionConfigurationPlatforms) = preSolution
		Debug|Win32 = Debug|Win32
		Release|Win32 = Release|Win32
		MinSizeRel|Win32 = MinSizeRel|Win32
		RelWithDebInfo|Win32 = RelWithDebInfo|Win32
	EndGlobalSection
	GlobalSection(ProjectConfigurationPlatforms) = postSolution
		{38F45F28-5C84-4DF5-9181-08399C070197}.Debug|Win32.ActiveCfg = Debug|Win32
		{38F45F28-5C84-4DF5-9181-08399C070197}.Release|Win32.ActiveCfg = Release|Win32
		{38F45F28-5C84-4DF5-9181-08399C070197}.MinSizeRel|Win32.ActiveCfg = MinSizeRel|Win32
		{38F45F28-5C84-4DF5-9181-08399C070197}.RelWithDebInfo|Win32.ActiveCfg = RelWithDebInfo|Win32
		{6FCE6AD2-8C96-4D8D-B3FB-19200D99A664}.Debug|Win32.ActiveCfg = Debug|Win32
		{6FCE6AD2-8C96-4D8D-B3FB-19200D99A664}.Debug|Win32.Build.0 = Debug|Win32
		{6FCE6AD2-8C96-4D8D-B3FB-19200D99A664}.Release|Win32.ActiveCfg = Release|Win32
		{6FCE6AD2-8C96-4D8D-B3FB-19200D99A664}.Release|Win32.Build.0 = Release|Win32
		{6FCE6AD2-8C96-4D8D-B3FB-19200D99A664}.MinSizeRel|Win32.ActiveCfg = MinSizeRel|Win32
		{6FCE6AD2-8C96-4D8D-B3FB-19200D99A664}.MinSizeRel|Win32.Build.0 = MinSizeRel|Win32
		{6FCE6AD2-8C96-4D8D-B3FB-19200D99A664}.RelWithDebInfo|Win32.ActiveCfg = RelWithDebInfo|Win32
		{6FCE6AD2-8C96-4D8D-B3FB-19200D99A664}.RelWithDebInfo|Win32.Build.0 = RelWithDebInfo|Win32
		{DC17912E-C16F-494C-8940-E309F8EBD741}.Debug|Win32.ActiveCfg = Debug|Win32
		{DC17912E-C16F-494C-8940-E309F8EBD741}.Debug|Win32.Build.0 = Debug|Win32
		{DC17912E-C16F-494C-8940-E309F8EBD741}.Release|Win32.ActiveCfg = Release|Win32
		{DC17912E-C16F-494C-8940-E309F8EBD741}.Release|Win32.Build.0 = Release|Win32
		{DC17912E-C16F-494C-8940-E309F8EBD741}.MinSizeRel|Win32.ActiveCfg = MinSizeRel|Win32
		{DC17912E-C16F-494C-8940-E309F8EBD741}.MinSizeRel|Win32.Build.0 = MinSizeRel|Win32
		{DC17912E-C16F-494C-8940-E309F8EBD741}.RelWithDebInfo|Win32.ActiveCfg = RelWithDebInfo|Win32
		{DC17912E-C16F-494C-8940-E309F8EBD741}.RelWithDebInfo|Win32.Build.0 = RelWithDebInfo|Win32
		{1F45A3CD-AA26-417F-A68F-73C63A163A73}.Debug|Win32.ActiveCfg = Debug|Win32
		{1F45A3CD-AA26-417F-A68F-73C63A163A73}.Debug|Win32.Build.0 = Debug|Win32
		{1F45A3CD-AA26-417F-A68F-73C63A163A73}.Release|Win32.ActiveCfg = Release|Win32
		{1F45A3CD-AA26-417F-A68F-73C63A163A73}.Release|Win32.Build.0 = Release|Win32
		{1F45A3CD-AA26-417F-A68F-73C63A163A73}.MinSizeRel|Win32.ActiveCfg = MinSizeRel|Win32
		{1F45A3CD-AA26-417F-A68F-73C63A163A73}.MinSizeRel|Win32.Build.0 = MinSizeRel|Win32
		{1F45A3CD-AA26-417F-A68F-73C63A163A73}.RelWithDebInfo|Win32.ActiveCfg = RelWithDebInfo|Win32
		{1F45A3CD-AA26-417F-A68F-73C63A163A73}.RelWithDebInfo|Win32.Build.0 = RelWithDebInfo|Win32
	EndGlobalSection
	GlobalSection(ExtensibilityGlobals) = postSolution
	EndGlobalSection
	GlobalSection(ExtensibilityAddIns) = postSolution
	EndGlobalSection
EndGlobal
